// !$*UTF8*$!
{
	archiveVersion = 1;
	classes = {
	};
	objectVersion = 46;
	objects = {

/* Begin PBXAggregateTarget section */
		892257CC00A6488EBE02F0E9 /* install */ = {
			isa = PBXAggregateTarget;
			buildConfigurationList = FEF94B8E89BA40CDB003F0A0 /* Build configuration list for PBXAggregateTarget "install" */;
			buildPhases = (
				B44569BD7AA240868F7C0891 /* CMake PostBuild Rules */,
			);
			dependencies = (
				B92BEDCF345F43E4AEA3518C /* PBXTargetDependency */,
			);
			name = install;
			productName = install;
		};
		9D2F2D1393CB430BBD1BC85B /* ALL_BUILD */ = {
			isa = PBXAggregateTarget;
			buildConfigurationList = 5EAF23CB4AD64FD9B0970869 /* Build configuration list for PBXAggregateTarget "ALL_BUILD" */;
			buildPhases = (
				4DFE24CEEE10489FB2F013B7 /* CMake Rules */,
			);
			dependencies = (
				5B813A4E6F5B4F7EB2289E46 /* PBXTargetDependency */,
				C80721E4980E48E3A4FB7CDF /* PBXTargetDependency */,
			);
			name = ALL_BUILD;
			productName = ALL_BUILD;
		};
		DDB1284D776443949A26E0FF /* ZERO_CHECK */ = {
			isa = PBXAggregateTarget;
			buildConfigurationList = 22AF80EF7438499BB1DEF482 /* Build configuration list for PBXAggregateTarget "ZERO_CHECK" */;
			buildPhases = (
				14C28E339A5A4C9AB3452F83 /* CMake Rules */,
			);
			dependencies = (
			);
			name = ZERO_CHECK;
			productName = ZERO_CHECK;
		};
/* End PBXAggregateTarget section */

/* Begin PBXBuildFile section */
		2618B5910EF24AB788D2CF2D /* /Users/bbaron/workspacec/fineftp-server/fineftp-server/src/ftp_message.h */ = {isa = PBXBuildFile; fileRef = 9E9FEAF084E648F4A1968447 /* /Users/bbaron/workspacec/fineftp-server/fineftp-server/src/ftp_message.h */; };
		2623753A325E4BCA90C2130C /* /Users/bbaron/workspacec/fineftp-server/xcodeproj/fineftp-server/CMakeFiles/server.dir/Info.plist */ = {isa = PBXBuildFile; fileRef = 04991AF1E85E437C9DAC1298 /* /Users/bbaron/workspacec/fineftp-server/xcodeproj/fineftp-server/CMakeFiles/server.dir/Info.plist */; };
		2C5B0E4FB7EC4E87A9541D5D /* /Users/bbaron/workspacec/fineftp-server/fineftp-server/CMakeLists.txt */ = {isa = PBXBuildFile; fileRef = 37FB6FB5A82C4ED9A7BED2E7 /* /Users/bbaron/workspacec/fineftp-server/fineftp-server/CMakeLists.txt */; };
		4482606D66654D9FB7A1894A /* /Users/bbaron/workspacec/fineftp-server/fineftp-server/src/user_database.cpp */ = {isa = PBXBuildFile; fileRef = 04827211892C4774A5C8334C /* /Users/bbaron/workspacec/fineftp-server/fineftp-server/src/user_database.cpp */; };
		71E350EC18A34A80A9D5641E /* /Users/bbaron/workspacec/fineftp-server/fineftp-server/src/ftp_session.cpp */ = {isa = PBXBuildFile; fileRef = 6B6856267CBF4C77B34E6405 /* /Users/bbaron/workspacec/fineftp-server/fineftp-server/src/ftp_session.cpp */; };
		7A03776F4572437690B2F8A2 /* /Users/bbaron/workspacec/fineftp-server/fineftp-server/include/fineftp/permissions.h */ = {isa = PBXBuildFile; fileRef = 39F37170D67E43619F3A5E7E /* /Users/bbaron/workspacec/fineftp-server/fineftp-server/include/fineftp/permissions.h */; };
		9DF1FB384823400E9B48C94D /* /Users/bbaron/workspacec/fineftp-server/fineftp-server/src/ftp_user.h */ = {isa = PBXBuildFile; fileRef = 7E44AA064AE14C4BAB0ACB02 /* /Users/bbaron/workspacec/fineftp-server/fineftp-server/src/ftp_user.h */; };
		A792CA0D94BD4E74A308419D /* /Users/bbaron/workspacec/fineftp-server/fineftp-server/src/filesystem.cpp */ = {isa = PBXBuildFile; fileRef = 5823C22FCEED4E6FB53C2C7C /* /Users/bbaron/workspacec/fineftp-server/fineftp-server/src/filesystem.cpp */; };
		B0690B6B4B6D4C7AAC6B7407 /* /Users/bbaron/workspacec/fineftp-server/fineftp-server/src/server_impl.cpp */ = {isa = PBXBuildFile; fileRef = 3FBBF76D54FF4FE7A83DC7CB /* /Users/bbaron/workspacec/fineftp-server/fineftp-server/src/server_impl.cpp */; };
		B65684503EA04250A0D9681D /* /Users/bbaron/workspacec/fineftp-server/fineftp-server/src/filesystem.h */ = {isa = PBXBuildFile; fileRef = B1C943B25E004FDEB7578EA7 /* /Users/bbaron/workspacec/fineftp-server/fineftp-server/src/filesystem.h */; };
		C64978F1FB6F465ABBF3F7F1 /* /Users/bbaron/workspacec/fineftp-server/fineftp-server/include/fineftp/server.h */ = {isa = PBXBuildFile; fileRef = BC6CD3C55FCB47848322529D /* /Users/bbaron/workspacec/fineftp-server/fineftp-server/include/fineftp/server.h */; };
		CC03C12F09CF48B4BA727444 /* /Users/bbaron/workspacec/fineftp-server/fineftp-server/src/server.cpp */ = {isa = PBXBuildFile; fileRef = E8F9587C5AD54E39BDA3EF6A /* /Users/bbaron/workspacec/fineftp-server/fineftp-server/src/server.cpp */; };
		CD4AC73EB97A4DAEA0627F7C /* /Users/bbaron/workspacec/fineftp-server/fineftp-server/src/user_database.h */ = {isa = PBXBuildFile; fileRef = F7690FB6160A4F5A894DF0F2 /* /Users/bbaron/workspacec/fineftp-server/fineftp-server/src/user_database.h */; };
		DA6DB27F36224FFEAB6241C1 /* /Users/bbaron/workspacec/fineftp-server/fineftp-server/src/ftp_session.h */ = {isa = PBXBuildFile; fileRef = 729D089962D74663952ACD20 /* /Users/bbaron/workspacec/fineftp-server/fineftp-server/src/ftp_session.h */; };
		F53C3456E42F4BB8B2E5EDCB /* /Users/bbaron/workspacec/fineftp-server/fineftp-server/src/server_impl.h */ = {isa = PBXBuildFile; fileRef = 3D52EB9987CC49C9B648C81A /* /Users/bbaron/workspacec/fineftp-server/fineftp-server/src/server_impl.h */; };
/* End PBXBuildFile section */

/* Begin PBXBuildStyle section */
		5B9BC3C13C5D4FCCAF8D7E37 /* MinSizeRel */ = {
			isa = PBXBuildStyle;
			buildSettings = {
				COPY_PHASE_STRIP = NO;
			};
			name = MinSizeRel;
		};
		94609921595B4F6291B3926E /* RelWithDebInfo */ = {
			isa = PBXBuildStyle;
			buildSettings = {
				COPY_PHASE_STRIP = NO;
			};
			name = RelWithDebInfo;
		};
		A4E75FB22DA94F3DAC5C9781 /* Debug */ = {
			isa = PBXBuildStyle;
			buildSettings = {
				COPY_PHASE_STRIP = NO;
			};
			name = Debug;
		};
		FC8F2275EE0B4D3E85F99213 /* Release */ = {
			isa = PBXBuildStyle;
			buildSettings = {
				COPY_PHASE_STRIP = NO;
			};
			name = Release;
		};
/* End PBXBuildStyle section */

/* Begin PBXContainerItemProxy section */
		1C43B566A4D949EDAFDEEF19 /* PBXContainerItemProxy */ = {
			isa = PBXContainerItemProxy;
			containerPortal = 8FD48FC0F0964E1C955CF2FD /* Project object */;
			proxyType = 1;
			remoteGlobalIDString = DDB1284D776443949A26E0FF;
			remoteInfo = ZERO_CHECK;
		};
		3392E164131940FCB632B362 /* PBXContainerItemProxy */ = {
			isa = PBXContainerItemProxy;
			containerPortal = 8FD48FC0F0964E1C955CF2FD /* Project object */;
			proxyType = 1;
			remoteGlobalIDString = DDB1284D776443949A26E0FF;
			remoteInfo = ZERO_CHECK;
		};
		BD59EE25AEF243909D463D43 /* PBXContainerItemProxy */ = {
			isa = PBXContainerItemProxy;
			containerPortal = 8FD48FC0F0964E1C955CF2FD /* Project object */;
			proxyType = 1;
			remoteGlobalIDString = 0E2565B401D24F728696BFFD;
			remoteInfo = server;
		};
		BE0588C0AA234C8D94080062 /* PBXContainerItemProxy */ = {
			isa = PBXContainerItemProxy;
			containerPortal = 8FD48FC0F0964E1C955CF2FD /* Project object */;
			proxyType = 1;
			remoteGlobalIDString = 9D2F2D1393CB430BBD1BC85B;
			remoteInfo = ALL_BUILD;
		};
/* End PBXContainerItemProxy section */

/* Begin PBXFileReference section */
		04827211892C4774A5C8334C /* /Users/bbaron/workspacec/fineftp-server/fineftp-server/src/user_database.cpp */ = {isa = PBXFileReference; explicitFileType = sourcecode.cpp.cpp; fileEncoding = 4; name = user_database.cpp; path = src/user_database.cpp; sourceTree = SOURCE_ROOT; };
		04991AF1E85E437C9DAC1298 /* /Users/bbaron/workspacec/fineftp-server/xcodeproj/fineftp-server/CMakeFiles/server.dir/Info.plist */ = {isa = PBXFileReference; explicitFileType = sourcecode.text.plist; fileEncoding = 4; name = Info.plist; path = "../xcodeproj/fineftp-server/CMakeFiles/server.dir/Info.plist"; sourceTree = SOURCE_ROOT; };
		37FB6FB5A82C4ED9A7BED2E7 /* /Users/bbaron/workspacec/fineftp-server/fineftp-server/CMakeLists.txt */ = {isa = PBXFileReference; explicitFileType = sourcecode.text; fileEncoding = 4; name = CMakeLists.txt; path = CMakeLists.txt; sourceTree = SOURCE_ROOT; };
		39F37170D67E43619F3A5E7E /* /Users/bbaron/workspacec/fineftp-server/fineftp-server/include/fineftp/permissions.h */ = {isa = PBXFileReference; explicitFileType = sourcecode.c.h; fileEncoding = 4; name = permissions.h; path = include/fineftp/permissions.h; sourceTree = SOURCE_ROOT; };
		3D52EB9987CC49C9B648C81A /* /Users/bbaron/workspacec/fineftp-server/fineftp-server/src/server_impl.h */ = {isa = PBXFileReference; explicitFileType = sourcecode.c.h; fileEncoding = 4; name = server_impl.h; path = src/server_impl.h; sourceTree = SOURCE_ROOT; };
		3FBBF76D54FF4FE7A83DC7CB /* /Users/bbaron/workspacec/fineftp-server/fineftp-server/src/server_impl.cpp */ = {isa = PBXFileReference; explicitFileType = sourcecode.cpp.cpp; fileEncoding = 4; name = server_impl.cpp; path = src/server_impl.cpp; sourceTree = SOURCE_ROOT; };
		49961DD2821942D18B337D61 /* /Users/bbaron/workspacec/fineftp-server/fineftp-server/CMakeLists.txt */ = {isa = PBXFileReference; explicitFileType = sourcecode.text; fileEncoding = 4; name = CMakeLists.txt; path = CMakeLists.txt; sourceTree = SOURCE_ROOT; };
		5823C22FCEED4E6FB53C2C7C /* /Users/bbaron/workspacec/fineftp-server/fineftp-server/src/filesystem.cpp */ = {isa = PBXFileReference; explicitFileType = sourcecode.cpp.cpp; fileEncoding = 4; name = filesystem.cpp; path = src/filesystem.cpp; sourceTree = SOURCE_ROOT; };
		6B6856267CBF4C77B34E6405 /* /Users/bbaron/workspacec/fineftp-server/fineftp-server/src/ftp_session.cpp */ = {isa = PBXFileReference; explicitFileType = sourcecode.cpp.cpp; fileEncoding = 4; name = ftp_session.cpp; path = src/ftp_session.cpp; sourceTree = SOURCE_ROOT; };
		729D089962D74663952ACD20 /* /Users/bbaron/workspacec/fineftp-server/fineftp-server/src/ftp_session.h */ = {isa = PBXFileReference; explicitFileType = sourcecode.c.h; fileEncoding = 4; name = ftp_session.h; path = src/ftp_session.h; sourceTree = SOURCE_ROOT; };
		7E44AA064AE14C4BAB0ACB02 /* /Users/bbaron/workspacec/fineftp-server/fineftp-server/src/ftp_user.h */ = {isa = PBXFileReference; explicitFileType = sourcecode.c.h; fileEncoding = 4; name = ftp_user.h; path = src/ftp_user.h; sourceTree = SOURCE_ROOT; };
		9031DD5D14184FB6824D262F /* server */ = {isa = PBXFileReference; explicitFileType = archive.ar; path = "libfineftp-server.a"; sourceTree = BUILT_PRODUCTS_DIR; };
		9E9FEAF084E648F4A1968447 /* /Users/bbaron/workspacec/fineftp-server/fineftp-server/src/ftp_message.h */ = {isa = PBXFileReference; explicitFileType = sourcecode.c.h; fileEncoding = 4; name = ftp_message.h; path = src/ftp_message.h; sourceTree = SOURCE_ROOT; };
		B1C943B25E004FDEB7578EA7 /* /Users/bbaron/workspacec/fineftp-server/fineftp-server/src/filesystem.h */ = {isa = PBXFileReference; explicitFileType = sourcecode.c.h; fileEncoding = 4; name = filesystem.h; path = src/filesystem.h; sourceTree = SOURCE_ROOT; };
		BC6CD3C55FCB47848322529D /* /Users/bbaron/workspacec/fineftp-server/fineftp-server/include/fineftp/server.h */ = {isa = PBXFileReference; explicitFileType = sourcecode.c.h; fileEncoding = 4; name = server.h; path = include/fineftp/server.h; sourceTree = SOURCE_ROOT; };
		E8F9587C5AD54E39BDA3EF6A /* /Users/bbaron/workspacec/fineftp-server/fineftp-server/src/server.cpp */ = {isa = PBXFileReference; explicitFileType = sourcecode.cpp.cpp; fileEncoding = 4; name = server.cpp; path = src/server.cpp; sourceTree = SOURCE_ROOT; };
		F7690FB6160A4F5A894DF0F2 /* /Users/bbaron/workspacec/fineftp-server/fineftp-server/src/user_database.h */ = {isa = PBXFileReference; explicitFileType = sourcecode.c.h; fileEncoding = 4; name = user_database.h; path = src/user_database.h; sourceTree = SOURCE_ROOT; };
/* End PBXFileReference section */

/* Begin PBXGroup section */
		09E2352D4E944D1D83D28698 /* Products */ = {
			isa = PBXGroup;
			children = (
				9031DD5D14184FB6824D262F /* server */,
			);
			name = Products;
			sourceTree = "<group>";
		};
		0BA68721450B4A5994C424D9 /* ALL_BUILD */ = {
			isa = PBXGroup;
			children = (
				42A65CB7DA8F42E98202F913 /* CMake Rules */,
				49961DD2821942D18B337D61 /* /Users/bbaron/workspacec/fineftp-server/fineftp-server/CMakeLists.txt */,
			);
			name = ALL_BUILD;
			sourceTree = "<group>";
		};
		0F282142F1F343169EB1F4F4 = {
			isa = PBXGroup;
			children = (
				7FAF8CE1DC90487190BA230A /* server */,
				0BA68721450B4A5994C424D9 /* ALL_BUILD */,
				09E2352D4E944D1D83D28698 /* Products */,
			);
			sourceTree = "<group>";
		};
		42A65CB7DA8F42E98202F913 /* CMake Rules */ = {
			isa = PBXGroup;
			children = (
			);
			name = "CMake Rules";
			sourceTree = "<group>";
		};
		6C2E45621BFA4D56ACD2C084 /* Header Files */ = {
			isa = PBXGroup;
			children = (
				39F37170D67E43619F3A5E7E /* /Users/bbaron/workspacec/fineftp-server/fineftp-server/include/fineftp/permissions.h */,
				BC6CD3C55FCB47848322529D /* /Users/bbaron/workspacec/fineftp-server/fineftp-server/include/fineftp/server.h */,
				B1C943B25E004FDEB7578EA7 /* /Users/bbaron/workspacec/fineftp-server/fineftp-server/src/filesystem.h */,
				9E9FEAF084E648F4A1968447 /* /Users/bbaron/workspacec/fineftp-server/fineftp-server/src/ftp_message.h */,
				729D089962D74663952ACD20 /* /Users/bbaron/workspacec/fineftp-server/fineftp-server/src/ftp_session.h */,
				7E44AA064AE14C4BAB0ACB02 /* /Users/bbaron/workspacec/fineftp-server/fineftp-server/src/ftp_user.h */,
				3D52EB9987CC49C9B648C81A /* /Users/bbaron/workspacec/fineftp-server/fineftp-server/src/server_impl.h */,
				F7690FB6160A4F5A894DF0F2 /* /Users/bbaron/workspacec/fineftp-server/fineftp-server/src/user_database.h */,
			);
			name = "Header Files";
			sourceTree = "<group>";
		};
		7FAF8CE1DC90487190BA230A /* server */ = {
			isa = PBXGroup;
			children = (
				6C2E45621BFA4D56ACD2C084 /* Header Files */,
				984494356BFB4EA4B5AFF51A /* Source Files */,
				9375B81211AE4E97B3D531B2 /* Resources */,
				37FB6FB5A82C4ED9A7BED2E7 /* /Users/bbaron/workspacec/fineftp-server/fineftp-server/CMakeLists.txt */,
			);
			name = server;
			sourceTree = "<group>";
		};
		9375B81211AE4E97B3D531B2 /* Resources */ = {
			isa = PBXGroup;
			children = (
				04991AF1E85E437C9DAC1298 /* /Users/bbaron/workspacec/fineftp-server/xcodeproj/fineftp-server/CMakeFiles/server.dir/Info.plist */,
			);
			name = Resources;
			sourceTree = "<group>";
		};
		984494356BFB4EA4B5AFF51A /* Source Files */ = {
			isa = PBXGroup;
			children = (
				5823C22FCEED4E6FB53C2C7C /* /Users/bbaron/workspacec/fineftp-server/fineftp-server/src/filesystem.cpp */,
				6B6856267CBF4C77B34E6405 /* /Users/bbaron/workspacec/fineftp-server/fineftp-server/src/ftp_session.cpp */,
				E8F9587C5AD54E39BDA3EF6A /* /Users/bbaron/workspacec/fineftp-server/fineftp-server/src/server.cpp */,
				3FBBF76D54FF4FE7A83DC7CB /* /Users/bbaron/workspacec/fineftp-server/fineftp-server/src/server_impl.cpp */,
				04827211892C4774A5C8334C /* /Users/bbaron/workspacec/fineftp-server/fineftp-server/src/user_database.cpp */,
			);
			name = "Source Files";
			sourceTree = "<group>";
		};
/* End PBXGroup section */

/* Begin PBXNativeTarget section */
		0E2565B401D24F728696BFFD /* server */ = {
			isa = PBXNativeTarget;
			buildConfigurationList = E3983B6EB98C41338810B85E /* Build configuration list for PBXNativeTarget "server" */;
			buildPhases = (
				4E34F318BD0B47E1AF13126C /* Sources */,
			);
			buildRules = (
			);
			dependencies = (
				AAC4497740234FDB9046C3D1 /* PBXTargetDependency */,
			);
			name = server;
			productName = server;
			productReference = 9031DD5D14184FB6824D262F /* server */;
			productType = "com.apple.product-type.library.static";
		};
/* End PBXNativeTarget section */

/* Begin PBXProject section */
		8FD48FC0F0964E1C955CF2FD /* Project object */ = {
			isa = PBXProject;
			attributes = {
				BuildIndependentTargetsInParallel = YES;
				LastUpgradeCheck = 1210;
			};
			buildConfigurationList = 5DC1183F160E4371831A0B18 /* Build configuration list for PBXProject "server" */;
			buildSettings = {
			};
			buildStyles = (
				A4E75FB22DA94F3DAC5C9781 /* Debug */,
				FC8F2275EE0B4D3E85F99213 /* Release */,
				5B9BC3C13C5D4FCCAF8D7E37 /* MinSizeRel */,
				94609921595B4F6291B3926E /* RelWithDebInfo */,
			);
			compatibilityVersion = "Xcode 3.2";
			hasScannedForEncodings = 0;
			mainGroup = 0F282142F1F343169EB1F4F4;
			projectDirPath = "../../fineftp-server";
			projectRoot = "";
			targets = (
				9D2F2D1393CB430BBD1BC85B /* ALL_BUILD */,
				DDB1284D776443949A26E0FF /* ZERO_CHECK */,
				892257CC00A6488EBE02F0E9 /* install */,
				0E2565B401D24F728696BFFD /* server */,
			);
		};
/* End PBXProject section */

/* Begin PBXShellScriptBuildPhase section */
		14C28E339A5A4C9AB3452F83 /* CMake Rules */ = {
			isa = PBXShellScriptBuildPhase;
			buildActionMask = 2147483647;
			files = (
			);
			name = "CMake Rules";
			runOnlyForDeploymentPostprocessing = 0;
			shellPath = /bin/sh;
			shellScript = "make -C /Users/bbaron/workspacec/fineftp-server/xcodeproj/fineftp-server -f /Users/bbaron/workspacec/fineftp-server/xcodeproj/fineftp-server/CMakeScripts/ZERO_CHECK_cmakeRulesBuildPhase.make$CONFIGURATION OBJDIR=$(basename \"$OBJECT_FILE_DIR_normal\") all";
			showEnvVarsInLog = 0;
		};
		4DFE24CEEE10489FB2F013B7 /* CMake Rules */ = {
			isa = PBXShellScriptBuildPhase;
			buildActionMask = 2147483647;
			files = (
			);
			name = "CMake Rules";
			runOnlyForDeploymentPostprocessing = 0;
			shellPath = /bin/sh;
			shellScript = "make -C /Users/bbaron/workspacec/fineftp-server/xcodeproj/fineftp-server -f /Users/bbaron/workspacec/fineftp-server/xcodeproj/fineftp-server/CMakeScripts/ALL_BUILD_cmakeRulesBuildPhase.make$CONFIGURATION OBJDIR=$(basename \"$OBJECT_FILE_DIR_normal\") all";
			showEnvVarsInLog = 0;
		};
		6E5D2449E55A4CAFBEFF604A = {
			isa = PBXShellScriptBuildPhase;
			buildActionMask = 2147483647;
			files = (
			);
			inputPaths = (
			);
			outputPaths = (
			);
			runOnlyForDeploymentPostprocessing = 0;
			shellPath = /bin/sh;
			shellScript = "# shell script goes here
exit 0";
			showEnvVarsInLog = 0;
		};
		79068C8B070849C0B12D573B = {
			isa = PBXShellScriptBuildPhase;
			buildActionMask = 2147483647;
			files = (
			);
			inputPaths = (
			);
			outputPaths = (
			);
			runOnlyForDeploymentPostprocessing = 0;
			shellPath = /bin/sh;
			shellScript = "# shell script goes here
exit 0";
			showEnvVarsInLog = 0;
		};
		8667AEAD7AE544C8A04D1B17 = {
			isa = PBXShellScriptBuildPhase;
			buildActionMask = 2147483647;
			files = (
			);
			inputPaths = (
			);
			outputPaths = (
			);
			runOnlyForDeploymentPostprocessing = 0;
			shellPath = /bin/sh;
			shellScript = "# shell script goes here
exit 0";
			showEnvVarsInLog = 0;
		};
		B44569BD7AA240868F7C0891 /* CMake PostBuild Rules */ = {
			isa = PBXShellScriptBuildPhase;
			buildActionMask = 2147483647;
			files = (
			);
			name = "CMake PostBuild Rules";
			runOnlyForDeploymentPostprocessing = 0;
			shellPath = /bin/sh;
			shellScript = "make -C /Users/bbaron/workspacec/fineftp-server/xcodeproj/fineftp-server -f /Users/bbaron/workspacec/fineftp-server/xcodeproj/fineftp-server/CMakeScripts/install_postBuildPhase.make$CONFIGURATION OBJDIR=$(basename \"$OBJECT_FILE_DIR_normal\") all";
			showEnvVarsInLog = 0;
		};
/* End PBXShellScriptBuildPhase section */

/* Begin PBXSourcesBuildPhase section */
		4E34F318BD0B47E1AF13126C /* Sources */ = {
			isa = PBXSourcesBuildPhase;
			buildActionMask = 2147483647;
			files = (
				A792CA0D94BD4E74A308419D /* /Users/bbaron/workspacec/fineftp-server/fineftp-server/src/filesystem.cpp */,
				71E350EC18A34A80A9D5641E /* /Users/bbaron/workspacec/fineftp-server/fineftp-server/src/ftp_session.cpp */,
				CC03C12F09CF48B4BA727444 /* /Users/bbaron/workspacec/fineftp-server/fineftp-server/src/server.cpp */,
				B0690B6B4B6D4C7AAC6B7407 /* /Users/bbaron/workspacec/fineftp-server/fineftp-server/src/server_impl.cpp */,
				4482606D66654D9FB7A1894A /* /Users/bbaron/workspacec/fineftp-server/fineftp-server/src/user_database.cpp */,
			);
			runOnlyForDeploymentPostprocessing = 0;
		};
/* End PBXSourcesBuildPhase section */

/* Begin PBXTargetDependency section */
		5B813A4E6F5B4F7EB2289E46 /* PBXTargetDependency */ = {
			isa = PBXTargetDependency;
			target = 0E2565B401D24F728696BFFD /* server */;
			targetProxy = BD59EE25AEF243909D463D43 /* PBXContainerItemProxy */;
		};
		AAC4497740234FDB9046C3D1 /* PBXTargetDependency */ = {
			isa = PBXTargetDependency;
			target = DDB1284D776443949A26E0FF /* ZERO_CHECK */;
			targetProxy = 3392E164131940FCB632B362 /* PBXContainerItemProxy */;
		};
		B92BEDCF345F43E4AEA3518C /* PBXTargetDependency */ = {
			isa = PBXTargetDependency;
			target = 9D2F2D1393CB430BBD1BC85B /* ALL_BUILD */;
			targetProxy = BE0588C0AA234C8D94080062 /* PBXContainerItemProxy */;
		};
		C80721E4980E48E3A4FB7CDF /* PBXTargetDependency */ = {
			isa = PBXTargetDependency;
			target = DDB1284D776443949A26E0FF /* ZERO_CHECK */;
			targetProxy = 1C43B566A4D949EDAFDEEF19 /* PBXContainerItemProxy */;
		};
/* End PBXTargetDependency section */

/* Begin XCBuildConfiguration section */
		020F86AD0F9A42F885B1794C /* Release */ = {
			isa = XCBuildConfiguration;
			buildSettings = {
				COMBINE_HIDPI_IMAGES = YES;
				GCC_GENERATE_DEBUGGING_SYMBOLS = YES;
				GCC_INLINES_ARE_PRIVATE_EXTERN = NO;
				GCC_OPTIMIZATION_LEVEL = 0;
				GCC_PREPROCESSOR_DEFINITIONS = ("'CMAKE_INTDIR=\"$(CONFIGURATION)$(EFFECTIVE_PLATFORM_NAME)\"'");
				GCC_SYMBOLS_PRIVATE_EXTERN = NO;
				INSTALL_PATH = "";
				OTHER_LDFLAGS = " ";
				OTHER_REZFLAGS = "";
				PRODUCT_NAME = ZERO_CHECK;
				SECTORDER_FLAGS = "";
				SYMROOT = "/Users/bbaron/workspacec/fineftp-server/xcodeproj/fineftp-server";
				USE_HEADERMAP = NO;
				WARNING_CFLAGS = ("$(inherited)");
			};
			name = Release;
		};
		05B9DE0D13584365A15BBF08 /* Release */ = {
			isa = XCBuildConfiguration;
			buildSettings = {
				ARCHS = "armv7 armv7s arm64";
				BITCODE_GENERATION_MODE = bitcode;
				CLANG_ENABLE_OBJC_ARC = YES;
				CODE_SIGNING_REQUIRED = NO;
				DEVELOPMENT_TEAM = 123456789A;
				ENABLE_BITCODE = YES;
				GCC_SYMBOLS_PRIVATE_EXTERN = YES;
				IPHONEOS_DEPLOYMENT_TARGET = 9.0;
				SDKROOT = iphoneos;
				SYMROOT = "/Users/bbaron/workspacec/fineftp-server/xcodeproj/fineftp-server/build";
			};
			name = Release;
		};
		08C38DCF0A06411581A8A1FA /* Debug */ = {
			isa = XCBuildConfiguration;
			buildSettings = {
				COMBINE_HIDPI_IMAGES = YES;
				GCC_GENERATE_DEBUGGING_SYMBOLS = YES;
				GCC_INLINES_ARE_PRIVATE_EXTERN = NO;
				GCC_OPTIMIZATION_LEVEL = 0;
				GCC_PREPROCESSOR_DEFINITIONS = ("'CMAKE_INTDIR=\"$(CONFIGURATION)$(EFFECTIVE_PLATFORM_NAME)\"'");
				GCC_SYMBOLS_PRIVATE_EXTERN = NO;
				INSTALL_PATH = "";
				OTHER_LDFLAGS = " ";
				OTHER_REZFLAGS = "";
				PRODUCT_NAME = ZERO_CHECK;
				SECTORDER_FLAGS = "";
				SYMROOT = "/Users/bbaron/workspacec/fineftp-server/xcodeproj/fineftp-server";
				USE_HEADERMAP = NO;
				WARNING_CFLAGS = ("$(inherited)");
			};
			name = Debug;
		};
		1DED0D82A21F482BAE858AAA /* Debug */ = {
			isa = XCBuildConfiguration;
			buildSettings = {
				ARCHS = "armv7 armv7s arm64";
				BITCODE_GENERATION_MODE = bitcode;
				CLANG_ENABLE_OBJC_ARC = YES;
				CODE_SIGNING_REQUIRED = NO;
				DEVELOPMENT_TEAM = 123456789A;
				ENABLE_BITCODE = YES;
				GCC_SYMBOLS_PRIVATE_EXTERN = YES;
				IPHONEOS_DEPLOYMENT_TARGET = 9.0;
				SDKROOT = iphoneos;
				SYMROOT = "/Users/bbaron/workspacec/fineftp-server/xcodeproj/fineftp-server/build";
			};
			name = Debug;
		};
		1FCEDDA19DB9477696F6C1C2 /* RelWithDebInfo */ = {
			isa = XCBuildConfiguration;
			buildSettings = {
				ARCHS = (armv7,armv7s,arm64);
				COMBINE_HIDPI_IMAGES = YES;
				EXECUTABLE_PREFIX = lib;
				EXECUTABLE_SUFFIX = .a;
				GCC_GENERATE_DEBUGGING_SYMBOLS = YES;
				GCC_INLINES_ARE_PRIVATE_EXTERN = NO;
				GCC_OPTIMIZATION_LEVEL = 2;
				GCC_PREPROCESSOR_DEFINITIONS = ("'CMAKE_INTDIR=\"$(CONFIGURATION)$(EFFECTIVE_PLATFORM_NAME)\"'",ASIO_STANDALONE,"'__USE_FILE_OFFSET64=1'","'_WIN32_WINNT=0x0601'");
				GCC_SYMBOLS_PRIVATE_EXTERN = NO;
				HEADER_SEARCH_PATHS = ("/Users/bbaron/workspacec/fineftp-server/fineftp-server/include","/Users/bbaron/workspacec/fineftp-server/fineftp-server/src");
				INSTALL_PATH = "";
				LIBRARY_STYLE = STATIC;
				ONLY_ACTIVE_ARCH = NO;
				OTHER_CPLUSPLUSFLAGS = "       -DNDEBUG -fPIC -Wall -Wextra '-std=gnu++14'  ";
				OTHER_LIBTOOLFLAGS = " ";
				OTHER_REZFLAGS = "";
				PRODUCT_NAME = "fineftp-server";
				SECTORDER_FLAGS = "";
				SYMROOT = "/Users/bbaron/workspacec/fineftp-server/xcodeproj/fineftp-server";
				SYSTEM_HEADER_SEARCH_PATHS = ("/Users/bbaron/workspacec/fineftp-server/thirdparty/asio/asio/include");
				USE_HEADERMAP = NO;
				WARNING_CFLAGS = ("$(inherited)");
			};
			name = RelWithDebInfo;
		};
		2E5FB00C54E842D1A10BD4B9 /* RelWithDebInfo */ = {
			isa = XCBuildConfiguration;
			buildSettings = {
				COMBINE_HIDPI_IMAGES = YES;
				GCC_GENERATE_DEBUGGING_SYMBOLS = YES;
				GCC_INLINES_ARE_PRIVATE_EXTERN = NO;
				GCC_OPTIMIZATION_LEVEL = 0;
				GCC_PREPROCESSOR_DEFINITIONS = ("'CMAKE_INTDIR=\"$(CONFIGURATION)$(EFFECTIVE_PLATFORM_NAME)\"'");
				GCC_SYMBOLS_PRIVATE_EXTERN = NO;
				INSTALL_PATH = "";
				OTHER_LDFLAGS = " ";
				OTHER_REZFLAGS = "";
				PRODUCT_NAME = ALL_BUILD;
				SECTORDER_FLAGS = "";
				SYMROOT = "/Users/bbaron/workspacec/fineftp-server/xcodeproj/fineftp-server";
				USE_HEADERMAP = NO;
				WARNING_CFLAGS = ("$(inherited)");
			};
			name = RelWithDebInfo;
		};
		3E33086A983F4442B82FF6AB /* MinSizeRel */ = {
			isa = XCBuildConfiguration;
			buildSettings = {
				ARCHS = "armv7 armv7s arm64";
				BITCODE_GENERATION_MODE = bitcode;
				CLANG_ENABLE_OBJC_ARC = YES;
				CODE_SIGNING_REQUIRED = NO;
				DEVELOPMENT_TEAM = 123456789A;
				ENABLE_BITCODE = YES;
				GCC_SYMBOLS_PRIVATE_EXTERN = YES;
				IPHONEOS_DEPLOYMENT_TARGET = 9.0;
				SDKROOT = iphoneos;
				SYMROOT = "/Users/bbaron/workspacec/fineftp-server/xcodeproj/fineftp-server/build";
			};
			name = MinSizeRel;
		};
		5017972908284A919E19E522 /* MinSizeRel */ = {
			isa = XCBuildConfiguration;
			buildSettings = {
				ARCHS = (armv7,armv7s,arm64);
				COMBINE_HIDPI_IMAGES = YES;
				GCC_GENERATE_DEBUGGING_SYMBOLS = YES;
				GCC_INLINES_ARE_PRIVATE_EXTERN = NO;
				GCC_OPTIMIZATION_LEVEL = 0;
				GCC_PREPROCESSOR_DEFINITIONS = ("'CMAKE_INTDIR=\"$(CONFIGURATION)$(EFFECTIVE_PLATFORM_NAME)\"'");
				GCC_SYMBOLS_PRIVATE_EXTERN = NO;
				INSTALL_PATH = "";
				ONLY_ACTIVE_ARCH = NO;
				OTHER_LDFLAGS = " ";
				OTHER_REZFLAGS = "";
				PRODUCT_NAME = install;
				SECTORDER_FLAGS = "";
				SYMROOT = "/Users/bbaron/workspacec/fineftp-server/xcodeproj/fineftp-server";
				USE_HEADERMAP = NO;
				WARNING_CFLAGS = ("$(inherited)");
			};
			name = MinSizeRel;
		};
		52512D332C30464381E01C3E /* Debug */ = {
			isa = XCBuildConfiguration;
			buildSettings = {
				COMBINE_HIDPI_IMAGES = YES;
				GCC_GENERATE_DEBUGGING_SYMBOLS = YES;
				GCC_INLINES_ARE_PRIVATE_EXTERN = NO;
				GCC_OPTIMIZATION_LEVEL = 0;
				GCC_PREPROCESSOR_DEFINITIONS = ("'CMAKE_INTDIR=\"$(CONFIGURATION)$(EFFECTIVE_PLATFORM_NAME)\"'");
				GCC_SYMBOLS_PRIVATE_EXTERN = NO;
				INSTALL_PATH = "";
				OTHER_LDFLAGS = " ";
				OTHER_REZFLAGS = "";
				PRODUCT_NAME = ALL_BUILD;
				SECTORDER_FLAGS = "";
				SYMROOT = "/Users/bbaron/workspacec/fineftp-server/xcodeproj/fineftp-server";
				USE_HEADERMAP = NO;
				WARNING_CFLAGS = ("$(inherited)");
			};
			name = Debug;
		};
		5DCFDD495F3A427B86E90DF3 /* MinSizeRel */ = {
			isa = XCBuildConfiguration;
			buildSettings = {
				COMBINE_HIDPI_IMAGES = YES;
				GCC_GENERATE_DEBUGGING_SYMBOLS = YES;
				GCC_INLINES_ARE_PRIVATE_EXTERN = NO;
				GCC_OPTIMIZATION_LEVEL = 0;
				GCC_PREPROCESSOR_DEFINITIONS = ("'CMAKE_INTDIR=\"$(CONFIGURATION)$(EFFECTIVE_PLATFORM_NAME)\"'");
				GCC_SYMBOLS_PRIVATE_EXTERN = NO;
				INSTALL_PATH = "";
				OTHER_LDFLAGS = " ";
				OTHER_REZFLAGS = "";
				PRODUCT_NAME = ZERO_CHECK;
				SECTORDER_FLAGS = "";
				SYMROOT = "/Users/bbaron/workspacec/fineftp-server/xcodeproj/fineftp-server";
				USE_HEADERMAP = NO;
				WARNING_CFLAGS = ("$(inherited)");
			};
			name = MinSizeRel;
		};
		62D9BC01F856417EAB0C0C2C /* Release */ = {
			isa = XCBuildConfiguration;
			buildSettings = {
				ARCHS = (armv7,armv7s,arm64);
				COMBINE_HIDPI_IMAGES = YES;
				EXECUTABLE_PREFIX = lib;
				EXECUTABLE_SUFFIX = .a;
				GCC_GENERATE_DEBUGGING_SYMBOLS = NO;
				GCC_INLINES_ARE_PRIVATE_EXTERN = NO;
				GCC_OPTIMIZATION_LEVEL = 3;
				GCC_PREPROCESSOR_DEFINITIONS = ("'CMAKE_INTDIR=\"$(CONFIGURATION)$(EFFECTIVE_PLATFORM_NAME)\"'",ASIO_STANDALONE,"'__USE_FILE_OFFSET64=1'","'_WIN32_WINNT=0x0601'");
				GCC_SYMBOLS_PRIVATE_EXTERN = NO;
				HEADER_SEARCH_PATHS = ("/Users/bbaron/workspacec/fineftp-server/fineftp-server/include","/Users/bbaron/workspacec/fineftp-server/fineftp-server/src");
				INSTALL_PATH = "";
				LIBRARY_STYLE = STATIC;
				ONLY_ACTIVE_ARCH = NO;
				OTHER_CPLUSPLUSFLAGS = "    -DNDEBUG -fPIC -Wall -Wextra '-std=gnu++14'  ";
				OTHER_LIBTOOLFLAGS = " ";
				OTHER_REZFLAGS = "";
				PRODUCT_NAME = "fineftp-server";
				SECTORDER_FLAGS = "";
				SYMROOT = "/Users/bbaron/workspacec/fineftp-server/xcodeproj/fineftp-server";
				SYSTEM_HEADER_SEARCH_PATHS = ("/Users/bbaron/workspacec/fineftp-server/thirdparty/asio/asio/include");
				USE_HEADERMAP = NO;
				WARNING_CFLAGS = ("$(inherited)");
			};
			name = Release;
		};
		7101FA53AE7F4D4196FC5BEF /* Release */ = {
			isa = XCBuildConfiguration;
			buildSettings = {
				COMBINE_HIDPI_IMAGES = YES;
				GCC_GENERATE_DEBUGGING_SYMBOLS = YES;
				GCC_INLINES_ARE_PRIVATE_EXTERN = NO;
				GCC_OPTIMIZATION_LEVEL = 0;
				GCC_PREPROCESSOR_DEFINITIONS = ("'CMAKE_INTDIR=\"$(CONFIGURATION)$(EFFECTIVE_PLATFORM_NAME)\"'");
				GCC_SYMBOLS_PRIVATE_EXTERN = NO;
				INSTALL_PATH = "";
				OTHER_LDFLAGS = " ";
				OTHER_REZFLAGS = "";
				PRODUCT_NAME = ALL_BUILD;
				SECTORDER_FLAGS = "";
				SYMROOT = "/Users/bbaron/workspacec/fineftp-server/xcodeproj/fineftp-server";
				USE_HEADERMAP = NO;
				WARNING_CFLAGS = ("$(inherited)");
			};
			name = Release;
		};
		7C38FC9F2B7942AB84030403 /* RelWithDebInfo */ = {
			isa = XCBuildConfiguration;
			buildSettings = {
				ARCHS = (armv7,armv7s,arm64);
				COMBINE_HIDPI_IMAGES = YES;
				GCC_GENERATE_DEBUGGING_SYMBOLS = YES;
				GCC_INLINES_ARE_PRIVATE_EXTERN = NO;
				GCC_OPTIMIZATION_LEVEL = 0;
				GCC_PREPROCESSOR_DEFINITIONS = ("'CMAKE_INTDIR=\"$(CONFIGURATION)$(EFFECTIVE_PLATFORM_NAME)\"'");
				GCC_SYMBOLS_PRIVATE_EXTERN = NO;
				INSTALL_PATH = "";
				ONLY_ACTIVE_ARCH = NO;
				OTHER_LDFLAGS = " ";
				OTHER_REZFLAGS = "";
				PRODUCT_NAME = install;
				SECTORDER_FLAGS = "";
				SYMROOT = "/Users/bbaron/workspacec/fineftp-server/xcodeproj/fineftp-server";
				USE_HEADERMAP = NO;
				WARNING_CFLAGS = ("$(inherited)");
			};
			name = RelWithDebInfo;
		};
		A5679864ECAB4FD8899C72C0 /* Debug */ = {
			isa = XCBuildConfiguration;
			buildSettings = {
				ARCHS = (armv7,armv7s,arm64);
				COMBINE_HIDPI_IMAGES = YES;
				EXECUTABLE_PREFIX = lib;
				EXECUTABLE_SUFFIX = .a;
				GCC_GENERATE_DEBUGGING_SYMBOLS = YES;
				GCC_INLINES_ARE_PRIVATE_EXTERN = NO;
				GCC_OPTIMIZATION_LEVEL = 0;
				GCC_PREPROCESSOR_DEFINITIONS = ("'CMAKE_INTDIR=\"$(CONFIGURATION)$(EFFECTIVE_PLATFORM_NAME)\"'",ASIO_STANDALONE,"'__USE_FILE_OFFSET64=1'","'_WIN32_WINNT=0x0601'");
				GCC_SYMBOLS_PRIVATE_EXTERN = NO;
				HEADER_SEARCH_PATHS = ("/Users/bbaron/workspacec/fineftp-server/fineftp-server/include","/Users/bbaron/workspacec/fineftp-server/fineftp-server/src");
				INSTALL_PATH = "";
				LIBRARY_STYLE = STATIC;
				ONLY_ACTIVE_ARCH = NO;
				OTHER_CPLUSPLUSFLAGS = "   -fPIC -Wall -Wextra '-std=gnu++14'  ";
				OTHER_LIBTOOLFLAGS = " ";
				OTHER_REZFLAGS = "";
				PRODUCT_NAME = "fineftp-server";
				SECTORDER_FLAGS = "";
				SYMROOT = "/Users/bbaron/workspacec/fineftp-server/xcodeproj/fineftp-server";
				SYSTEM_HEADER_SEARCH_PATHS = ("/Users/bbaron/workspacec/fineftp-server/thirdparty/asio/asio/include");
				USE_HEADERMAP = NO;
				WARNING_CFLAGS = ("$(inherited)");
			};
			name = Debug;
		};
		C69107AB54A640658FBDBFC4 /* MinSizeRel */ = {
			isa = XCBuildConfiguration;
			buildSettings = {
				ARCHS = (armv7,armv7s,arm64);
				COMBINE_HIDPI_IMAGES = YES;
				EXECUTABLE_PREFIX = lib;
				EXECUTABLE_SUFFIX = .a;
				GCC_GENERATE_DEBUGGING_SYMBOLS = NO;
				GCC_INLINES_ARE_PRIVATE_EXTERN = NO;
				GCC_OPTIMIZATION_LEVEL = s;
				GCC_PREPROCESSOR_DEFINITIONS = ("'CMAKE_INTDIR=\"$(CONFIGURATION)$(EFFECTIVE_PLATFORM_NAME)\"'",ASIO_STANDALONE,"'__USE_FILE_OFFSET64=1'","'_WIN32_WINNT=0x0601'");
				GCC_SYMBOLS_PRIVATE_EXTERN = NO;
				HEADER_SEARCH_PATHS = ("/Users/bbaron/workspacec/fineftp-server/fineftp-server/include","/Users/bbaron/workspacec/fineftp-server/fineftp-server/src");
				INSTALL_PATH = "";
				LIBRARY_STYLE = STATIC;
				ONLY_ACTIVE_ARCH = NO;
				OTHER_CPLUSPLUSFLAGS = "    -DNDEBUG -fPIC -Wall -Wextra '-std=gnu++14'  ";
				OTHER_LIBTOOLFLAGS = " ";
				OTHER_REZFLAGS = "";
				PRODUCT_NAME = "fineftp-server";
				SECTORDER_FLAGS = "";
				SYMROOT = "/Users/bbaron/workspacec/fineftp-server/xcodeproj/fineftp-server";
				SYSTEM_HEADER_SEARCH_PATHS = ("/Users/bbaron/workspacec/fineftp-server/thirdparty/asio/asio/include");
				USE_HEADERMAP = NO;
				WARNING_CFLAGS = ("$(inherited)");
			};
			name = MinSizeRel;
		};
		C921E568860B41F3865D49B9 /* MinSizeRel */ = {
			isa = XCBuildConfiguration;
			buildSettings = {
				COMBINE_HIDPI_IMAGES = YES;
				GCC_GENERATE_DEBUGGING_SYMBOLS = YES;
				GCC_INLINES_ARE_PRIVATE_EXTERN = NO;
				GCC_OPTIMIZATION_LEVEL = 0;
				GCC_PREPROCESSOR_DEFINITIONS = ("'CMAKE_INTDIR=\"$(CONFIGURATION)$(EFFECTIVE_PLATFORM_NAME)\"'");
				GCC_SYMBOLS_PRIVATE_EXTERN = NO;
				INSTALL_PATH = "";
				OTHER_LDFLAGS = " ";
				OTHER_REZFLAGS = "";
				PRODUCT_NAME = ALL_BUILD;
				SECTORDER_FLAGS = "";
				SYMROOT = "/Users/bbaron/workspacec/fineftp-server/xcodeproj/fineftp-server";
				USE_HEADERMAP = NO;
				WARNING_CFLAGS = ("$(inherited)");
			};
			name = MinSizeRel;
		};
		CF48DAD674DD494AA8A9EA9E /* RelWithDebInfo */ = {
			isa = XCBuildConfiguration;
			buildSettings = {
				ARCHS = "armv7 armv7s arm64";
				BITCODE_GENERATION_MODE = bitcode;
				CLANG_ENABLE_OBJC_ARC = YES;
				CODE_SIGNING_REQUIRED = NO;
				DEVELOPMENT_TEAM = 123456789A;
				ENABLE_BITCODE = YES;
				GCC_SYMBOLS_PRIVATE_EXTERN = YES;
				IPHONEOS_DEPLOYMENT_TARGET = 9.0;
				SDKROOT = iphoneos;
				SYMROOT = "/Users/bbaron/workspacec/fineftp-server/xcodeproj/fineftp-server/build";
			};
			name = RelWithDebInfo;
		};
		D444A879B1C9455DB80D1861 /* Release */ = {
			isa = XCBuildConfiguration;
			buildSettings = {
				ARCHS = (armv7,armv7s,arm64);
				COMBINE_HIDPI_IMAGES = YES;
				GCC_GENERATE_DEBUGGING_SYMBOLS = YES;
				GCC_INLINES_ARE_PRIVATE_EXTERN = NO;
				GCC_OPTIMIZATION_LEVEL = 0;
				GCC_PREPROCESSOR_DEFINITIONS = ("'CMAKE_INTDIR=\"$(CONFIGURATION)$(EFFECTIVE_PLATFORM_NAME)\"'");
				GCC_SYMBOLS_PRIVATE_EXTERN = NO;
				INSTALL_PATH = "";
				ONLY_ACTIVE_ARCH = NO;
				OTHER_LDFLAGS = " ";
				OTHER_REZFLAGS = "";
				PRODUCT_NAME = install;
				SECTORDER_FLAGS = "";
				SYMROOT = "/Users/bbaron/workspacec/fineftp-server/xcodeproj/fineftp-server";
				USE_HEADERMAP = NO;
				WARNING_CFLAGS = ("$(inherited)");
			};
			name = Release;
		};
		E20A11EB702E4ECCA73BF013 /* RelWithDebInfo */ = {
			isa = XCBuildConfiguration;
			buildSettings = {
				COMBINE_HIDPI_IMAGES = YES;
				GCC_GENERATE_DEBUGGING_SYMBOLS = YES;
				GCC_INLINES_ARE_PRIVATE_EXTERN = NO;
				GCC_OPTIMIZATION_LEVEL = 0;
				GCC_PREPROCESSOR_DEFINITIONS = ("'CMAKE_INTDIR=\"$(CONFIGURATION)$(EFFECTIVE_PLATFORM_NAME)\"'");
				GCC_SYMBOLS_PRIVATE_EXTERN = NO;
				INSTALL_PATH = "";
				OTHER_LDFLAGS = " ";
				OTHER_REZFLAGS = "";
				PRODUCT_NAME = ZERO_CHECK;
				SECTORDER_FLAGS = "";
				SYMROOT = "/Users/bbaron/workspacec/fineftp-server/xcodeproj/fineftp-server";
				USE_HEADERMAP = NO;
				WARNING_CFLAGS = ("$(inherited)");
			};
			name = RelWithDebInfo;
		};
		F4A17FAD8D724A18ADA6D10F /* Debug */ = {
			isa = XCBuildConfiguration;
			buildSettings = {
				ARCHS = (armv7,armv7s,arm64);
				COMBINE_HIDPI_IMAGES = YES;
				GCC_GENERATE_DEBUGGING_SYMBOLS = YES;
				GCC_INLINES_ARE_PRIVATE_EXTERN = NO;
				GCC_OPTIMIZATION_LEVEL = 0;
				GCC_PREPROCESSOR_DEFINITIONS = ("'CMAKE_INTDIR=\"$(CONFIGURATION)$(EFFECTIVE_PLATFORM_NAME)\"'");
				GCC_SYMBOLS_PRIVATE_EXTERN = NO;
				INSTALL_PATH = "";
				ONLY_ACTIVE_ARCH = NO;
				OTHER_LDFLAGS = " ";
				OTHER_REZFLAGS = "";
				PRODUCT_NAME = install;
				SECTORDER_FLAGS = "";
				SYMROOT = "/Users/bbaron/workspacec/fineftp-server/xcodeproj/fineftp-server";
				USE_HEADERMAP = NO;
				WARNING_CFLAGS = ("$(inherited)");
			};
			name = Debug;
		};
/* End XCBuildConfiguration section */

/* Begin XCConfigurationList section */
		22AF80EF7438499BB1DEF482 /* Build configuration list for PBXAggregateTarget "ZERO_CHECK" */ = {
			isa = XCConfigurationList;
			buildConfigurations = (
				08C38DCF0A06411581A8A1FA /* Debug */,
				020F86AD0F9A42F885B1794C /* Release */,
				5DCFDD495F3A427B86E90DF3 /* MinSizeRel */,
				E20A11EB702E4ECCA73BF013 /* RelWithDebInfo */,
			);
			defaultConfigurationIsVisible = 0;
			defaultConfigurationName = Debug;
		};
		5DC1183F160E4371831A0B18 /* Build configuration list for PBXProject "server" */ = {
			isa = XCConfigurationList;
			buildConfigurations = (
				1DED0D82A21F482BAE858AAA /* Debug */,
				05B9DE0D13584365A15BBF08 /* Release */,
				3E33086A983F4442B82FF6AB /* MinSizeRel */,
				CF48DAD674DD494AA8A9EA9E /* RelWithDebInfo */,
			);
			defaultConfigurationIsVisible = 0;
			defaultConfigurationName = Debug;
		};
		5EAF23CB4AD64FD9B0970869 /* Build configuration list for PBXAggregateTarget "ALL_BUILD" */ = {
			isa = XCConfigurationList;
			buildConfigurations = (
				52512D332C30464381E01C3E /* Debug */,
				7101FA53AE7F4D4196FC5BEF /* Release */,
				C921E568860B41F3865D49B9 /* MinSizeRel */,
				2E5FB00C54E842D1A10BD4B9 /* RelWithDebInfo */,
			);
			defaultConfigurationIsVisible = 0;
			defaultConfigurationName = Debug;
		};
		E3983B6EB98C41338810B85E /* Build configuration list for PBXNativeTarget "server" */ = {
			isa = XCConfigurationList;
			buildConfigurations = (
				A5679864ECAB4FD8899C72C0 /* Debug */,
				62D9BC01F856417EAB0C0C2C /* Release */,
				C69107AB54A640658FBDBFC4 /* MinSizeRel */,
				1FCEDDA19DB9477696F6C1C2 /* RelWithDebInfo */,
			);
			defaultConfigurationIsVisible = 0;
			defaultConfigurationName = Debug;
		};
		FEF94B8E89BA40CDB003F0A0 /* Build configuration list for PBXAggregateTarget "install" */ = {
			isa = XCConfigurationList;
			buildConfigurations = (
				F4A17FAD8D724A18ADA6D10F /* Debug */,
				D444A879B1C9455DB80D1861 /* Release */,
				5017972908284A919E19E522 /* MinSizeRel */,
				7C38FC9F2B7942AB84030403 /* RelWithDebInfo */,
			);
			defaultConfigurationIsVisible = 0;
			defaultConfigurationName = Debug;
		};
/* End XCConfigurationList section */
	};
	rootObject = 8FD48FC0F0964E1C955CF2FD /* Project object */;
}
